# AUTO-GENERATED by Tools/_Mythos/spike_clothing_port.py
# Source: /obj/item/clothing/suit/roguetown/shirt/robe/unholy/enchanted  (DM)
# Category: Uniforms / Shirt / Robe
# This is a SPIKE artifact; review before merging.

- type: entity
  parent: OVRoguetownUniformsShirtRobeBase
  id: OVOminouslyEnchantedRobes
  name: ominously enchanted robes
  description: "An otherworldly veil, amythortz-woven and crackling with the constant ponderance of a runic enigma. Her hand guides your grandest missive; to bring forth progress, no matter the cost."
  components:
    - type: Sprite
      sprite: _Mythos/_OV/Roguetown/Clothing/items/Uniforms/Shirt/Robe/ewarlock.rsi
      state: icon
    - type: Clothing
      sprite: _Mythos/_OV/Roguetown/Clothing/items/Uniforms/Shirt/Robe/ewarlock.rsi
    # armor: leather  (raw DM: ARMOR_LEATHER)
    # max_integrity (raw DM): ARMOR_INT_CHEST_LIGHT_BASE
    # body_parts_covered (raw DM): CHEST|GROIN|ARMS|LEGS|VITALS
